// !$*UTF8*$!
{
	archiveVersion = 1;
	classes = {
	};
	objectVersion = 48;
	objects = {

/* Begin PBXBuildFile section */
		3D94B89CAC4513D6F1CEC1A6 /* Pods_MyTextField.framework in Frameworks */ = {isa = PBXBuildFile; fileRef = 3B23F7FEF8ADF27E88350BFB /* Pods_MyTextField.framework */; };
		DC0D44E0205A48BE00ABB583 /* HigherOrderFunction.swift in Sources */ = {isa = PBXBuildFile; fileRef = DC0D44DF205A48BE00ABB583 /* HigherOrderFunction.swift */; };
		DC35423A2058EDDD0015F78D /* RXBaseViewController.swift in Sources */ = {isa = PBXBuildFile; fileRef = DC3542392058EDDD0015F78D /* RXBaseViewController.swift */; };
		DC42F3AB205BA19C0076004F /* Codable.swift in Sources */ = {isa = PBXBuildFile; fileRef = DC42F3AA205BA19C0076004F /* Codable.swift */; };
		DC447AE72067EC7500E27AE4 /* Protocol.swift in Sources */ = {isa = PBXBuildFile; fileRef = DC447AE62067EC7500E27AE4 /* Protocol.swift */; };
		DC487DE6206BEAC3000E81BD /* hanshushi.swift in Sources */ = {isa = PBXBuildFile; fileRef = DC487DE5206BEAC3000E81BD /* hanshushi.swift */; };
		DC4C121A2015E4B70057A499 /* AppDelegate.swift in Sources */ = {isa = PBXBuildFile; fileRef = DC4C12192015E4B70057A499 /* AppDelegate.swift */; };
		DC4C121C2015E4B70057A499 /* ViewController.swift in Sources */ = {isa = PBXBuildFile; fileRef = DC4C121B2015E4B70057A499 /* ViewController.swift */; };
		DC4C121F2015E4B70057A499 /* Main.storyboard in Resources */ = {isa = PBXBuildFile; fileRef = DC4C121D2015E4B70057A499 /* Main.storyboard */; };
		DC4C12212015E4B70057A499 /* Assets.xcassets in Resources */ = {isa = PBXBuildFile; fileRef = DC4C12202015E4B70057A499 /* Assets.xcassets */; };
		DC4C12242015E4B70057A499 /* LaunchScreen.storyboard in Resources */ = {isa = PBXBuildFile; fileRef = DC4C12222015E4B70057A499 /* LaunchScreen.storyboard */; };
		DCADA3DE205622FC00A64D5A /* Test.swift in Sources */ = {isa = PBXBuildFile; fileRef = DCADA3DD205622FC00A64D5A /* Test.swift */; };
		DCADA3E02056239F00A64D5A /* Utils.swift in Sources */ = {isa = PBXBuildFile; fileRef = DCADA3DF2056239F00A64D5A /* Utils.swift */; };
		DCADA95E202078F200B5DCCB /* ChartsModel.swift in Sources */ = {isa = PBXBuildFile; fileRef = DCADA95B202078F200B5DCCB /* ChartsModel.swift */; };
		DCADA95F202078F200B5DCCB /* ChartsView.swift in Sources */ = {isa = PBXBuildFile; fileRef = DCADA95C202078F200B5DCCB /* ChartsView.swift */; };
		DCADA960202078F200B5DCCB /* ChartsViewController.swift in Sources */ = {isa = PBXBuildFile; fileRef = DCADA95D202078F200B5DCCB /* ChartsViewController.swift */; };
		DCFDF17A205B61B800536621 /* HFAlamofire.swift in Sources */ = {isa = PBXBuildFile; fileRef = DCFDF179205B61B800536621 /* HFAlamofire.swift */; };
		EC46161A2074796B00BF213F /* MutableAttributedStringProtocol.swift in Sources */ = {isa = PBXBuildFile; fileRef = EC4616192074796B00BF213F /* MutableAttributedStringProtocol.swift */; };
/* End PBXBuildFile section */

/* Begin PBXFileReference section */
		3B23F7FEF8ADF27E88350BFB /* Pods_MyTextField.framework */ = {isa = PBXFileReference; explicitFileType = wrapper.framework; includeInIndex = 0; path = Pods_MyTextField.framework; sourceTree = BUILT_PRODUCTS_DIR; };
		5CBE177C317AE2786843C054 /* Pods-MyTextField.release.xcconfig */ = {isa = PBXFileReference; includeInIndex = 1; lastKnownFileType = text.xcconfig; name = "Pods-MyTextField.release.xcconfig"; path = "Pods/Target Support Files/Pods-MyTextField/Pods-MyTextField.release.xcconfig"; sourceTree = "<group>"; };
		D2257E5BE6E3E6D36C040326 /* Pods-MyTextField.debug.xcconfig */ = {isa = PBXFileReference; includeInIndex = 1; lastKnownFileType = text.xcconfig; name = "Pods-MyTextField.debug.xcconfig"; path = "Pods/Target Support Files/Pods-MyTextField/Pods-MyTextField.debug.xcconfig"; sourceTree = "<group>"; };
		DC0D44DF205A48BE00ABB583 /* HigherOrderFunction.swift */ = {isa = PBXFileReference; lastKnownFileType = sourcecode.swift; path = HigherOrderFunction.swift; sourceTree = "<group>"; };
		DC3542392058EDDD0015F78D /* RXBaseViewController.swift */ = {isa = PBXFileReference; lastKnownFileType = sourcecode.swift; path = RXBaseViewController.swift; sourceTree = "<group>"; };
		DC42F3AA205BA19C0076004F /* Codable.swift */ = {isa = PBXFileReference; lastKnownFileType = sourcecode.swift; path = Codable.swift; sourceTree = "<group>"; };
		DC447AE62067EC7500E27AE4 /* Protocol.swift */ = {isa = PBXFileReference; lastKnownFileType = sourcecode.swift; path = Protocol.swift; sourceTree = "<group>"; };
		DC487DE5206BEAC3000E81BD /* hanshushi.swift */ = {isa = PBXFileReference; lastKnownFileType = sourcecode.swift; path = hanshushi.swift; sourceTree = "<group>"; };
		DC4C12162015E4B70057A499 /* MyTextField.app */ = {isa = PBXFileReference; explicitFileType = wrapper.application; includeInIndex = 0; path = MyTextField.app; sourceTree = BUILT_PRODUCTS_DIR; };
		DC4C12192015E4B70057A499 /* AppDelegate.swift */ = {isa = PBXFileReference; lastKnownFileType = sourcecode.swift; path = AppDelegate.swift; sourceTree = "<group>"; };
		DC4C121B2015E4B70057A499 /* ViewController.swift */ = {isa = PBXFileReference; lastKnownFileType = sourcecode.swift; path = ViewController.swift; sourceTree = "<group>"; };
		DC4C121E2015E4B70057A499 /* Base */ = {isa = PBXFileReference; lastKnownFileType = file.storyboard; name = Base; path = Base.lproj/Main.storyboard; sourceTree = "<group>"; };
		DC4C12202015E4B70057A499 /* Assets.xcassets */ = {isa = PBXFileReference; lastKnownFileType = folder.assetcatalog; path = Assets.xcassets; sourceTree = "<group>"; };
		DC4C12232015E4B70057A499 /* Base */ = {isa = PBXFileReference; lastKnownFileType = file.storyboard; name = Base; path = Base.lproj/LaunchScreen.storyboard; sourceTree = "<group>"; };
		DC4C12252015E4B70057A499 /* Info.plist */ = {isa = PBXFileReference; lastKnownFileType = text.plist.xml; path = Info.plist; sourceTree = "<group>"; };
		DCADA3DD205622FC00A64D5A /* Test.swift */ = {isa = PBXFileReference; lastKnownFileType = sourcecode.swift; path = Test.swift; sourceTree = "<group>"; };
		DCADA3DF2056239F00A64D5A /* Utils.swift */ = {isa = PBXFileReference; lastKnownFileType = sourcecode.swift; path = Utils.swift; sourceTree = "<group>"; };
		DCADA95B202078F200B5DCCB /* ChartsModel.swift */ = {isa = PBXFileReference; fileEncoding = 4; lastKnownFileType = sourcecode.swift; path = ChartsModel.swift; sourceTree = "<group>"; };
		DCADA95C202078F200B5DCCB /* ChartsView.swift */ = {isa = PBXFileReference; fileEncoding = 4; lastKnownFileType = sourcecode.swift; path = ChartsView.swift; sourceTree = "<group>"; };
		DCADA95D202078F200B5DCCB /* ChartsViewController.swift */ = {isa = PBXFileReference; fileEncoding = 4; lastKnownFileType = sourcecode.swift; path = ChartsViewController.swift; sourceTree = "<group>"; };
		DCFDF179205B61B800536621 /* HFAlamofire.swift */ = {isa = PBXFileReference; lastKnownFileType = sourcecode.swift; path = HFAlamofire.swift; sourceTree = "<group>"; };
		EC4616192074796B00BF213F /* MutableAttributedStringProtocol.swift */ = {isa = PBXFileReference; fileEncoding = 4; lastKnownFileType = sourcecode.swift; path = MutableAttributedStringProtocol.swift; sourceTree = "<group>"; };
/* End PBXFileReference section */

/* Begin PBXFrameworksBuildPhase section */
		DC4C12132015E4B70057A499 /* Frameworks */ = {
			isa = PBXFrameworksBuildPhase;
			buildActionMask = 2147483647;
			files = (
				3D94B89CAC4513D6F1CEC1A6 /* Pods_MyTextField.framework in Frameworks */,
			);
			runOnlyForDeploymentPostprocessing = 0;
		};
/* End PBXFrameworksBuildPhase section */

/* Begin PBXGroup section */
		093FB64D137B379260BFB172 /* Frameworks */ = {
			isa = PBXGroup;
			children = (
				3B23F7FEF8ADF27E88350BFB /* Pods_MyTextField.framework */,
			);
			name = Frameworks;
			sourceTree = "<group>";
		};
		CEAF869D47678D9838C9345A /* Pods */ = {
			isa = PBXGroup;
			children = (
				D2257E5BE6E3E6D36C040326 /* Pods-MyTextField.debug.xcconfig */,
				5CBE177C317AE2786843C054 /* Pods-MyTextField.release.xcconfig */,
			);
			name = Pods;
			sourceTree = "<group>";
		};
		DC42F3A9205BA17C0076004F /* Util */ = {
			isa = PBXGroup;
			children = (
				DC0D44DF205A48BE00ABB583 /* HigherOrderFunction.swift */,
				DC42F3AA205BA19C0076004F /* Codable.swift */,
			);
			path = Util;
			sourceTree = "<group>";
		};
		DC447AE52067EC3400E27AE4 /* Protocol */ = {
			isa = PBXGroup;
			children = (
				DC447AE62067EC7500E27AE4 /* Protocol.swift */,
			);
			path = Protocol;
			sourceTree = "<group>";
		};
		DC487DE4206BEAB6000E81BD /* hanshu */ = {
			isa = PBXGroup;
			children = (
				DC487DE5206BEAC3000E81BD /* hanshushi.swift */,
			);
			path = hanshu;
			sourceTree = "<group>";
		};
		DC4C120D2015E4B70057A499 = {
			isa = PBXGroup;
			children = (
				DC4C12182015E4B70057A499 /* MyTextField */,
				DC4C12172015E4B70057A499 /* Products */,
				CEAF869D47678D9838C9345A /* Pods */,
				093FB64D137B379260BFB172 /* Frameworks */,
			);
			sourceTree = "<group>";
		};
		DC4C12172015E4B70057A499 /* Products */ = {
			isa = PBXGroup;
			children = (
				DC4C12162015E4B70057A499 /* MyTextField.app */,
			);
			name = Products;
			sourceTree = "<group>";
		};
		DC4C12182015E4B70057A499 /* MyTextField */ = {
			isa = PBXGroup;
			children = (
				DC4C12192015E4B70057A499 /* AppDelegate.swift */,
				DC3542392058EDDD0015F78D /* RXBaseViewController.swift */,
				DC4C121B2015E4B70057A499 /* ViewController.swift */,
				EC4616182074793800BF213F /* NSMutableAttri */,
				DC487DE4206BEAB6000E81BD /* hanshu */,
				DC447AE52067EC3400E27AE4 /* Protocol */,
				DC42F3A9205BA17C0076004F /* Util */,
				DCFDF178205B619700536621 /* Alamofire */,
				DCADA3DD205622FC00A64D5A /* Test.swift */,
				DCADA3DF2056239F00A64D5A /* Utils.swift */,
				DCADA95A202078F200B5DCCB /* Charts */,
				DC4C121D2015E4B70057A499 /* Main.storyboard */,
				DC4C12202015E4B70057A499 /* Assets.xcassets */,
				DC4C12222015E4B70057A499 /* LaunchScreen.storyboard */,
				DC4C12252015E4B70057A499 /* Info.plist */,
			);
			path = MyTextField;
			sourceTree = "<group>";
		};
		DCADA95A202078F200B5DCCB /* Charts */ = {
			isa = PBXGroup;
			children = (
				DCADA95B202078F200B5DCCB /* ChartsModel.swift */,
				DCADA95C202078F200B5DCCB /* ChartsView.swift */,
				DCADA95D202078F200B5DCCB /* ChartsViewController.swift */,
			);
			path = Charts;
			sourceTree = "<group>";
		};
		DCFDF178205B619700536621 /* Alamofire */ = {
			isa = PBXGroup;
			children = (
				DCFDF179205B61B800536621 /* HFAlamofire.swift */,
			);
			path = Alamofire;
			sourceTree = "<group>";
		};
		EC4616182074793800BF213F /* NSMutableAttri */ = {
			isa = PBXGroup;
			children = (
				EC4616192074796B00BF213F /* MutableAttributedStringProtocol.swift */,
			);
			path = NSMutableAttri;
			sourceTree = "<group>";
		};
/* End PBXGroup section */

/* Begin PBXNativeTarget section */
		DC4C12152015E4B70057A499 /* MyTextField */ = {
			isa = PBXNativeTarget;
			buildConfigurationList = DC4C12282015E4B70057A499 /* Build configuration list for PBXNativeTarget "MyTextField" */;
			buildPhases = (
				10A0CB6EBC1B66F5E9B42B7F /* [CP] Check Pods Manifest.lock */,
				DC4C12122015E4B70057A499 /* Sources */,
				DC4C12132015E4B70057A499 /* Frameworks */,
				DC4C12142015E4B70057A499 /* Resources */,
				C6C81BC00A3E8A8C85D71370 /* [CP] Embed Pods Frameworks */,
				8888952EEB4990615CCCB3D7 /* [CP] Copy Pods Resources */,
			);
			buildRules = (
			);
			dependencies = (
			);
			name = MyTextField;
			productName = MyTextField;
			productReference = DC4C12162015E4B70057A499 /* MyTextField.app */;
			productType = "com.apple.product-type.application";
		};
/* End PBXNativeTarget section */

/* Begin PBXProject section */
		DC4C120E2015E4B70057A499 /* Project object */ = {
			isa = PBXProject;
			attributes = {
				LastSwiftUpdateCheck = 0910;
				LastUpgradeCheck = 0910;
				ORGANIZATIONNAME = huafeng;
				TargetAttributes = {
					DC4C12152015E4B70057A499 = {
						CreatedOnToolsVersion = 9.1;
						ProvisioningStyle = Automatic;
					};
				};
			};
			buildConfigurationList = DC4C12112015E4B70057A499 /* Build configuration list for PBXProject "MyTextField" */;
			compatibilityVersion = "Xcode 8.0";
			developmentRegion = en;
			hasScannedForEncodings = 0;
			knownRegions = (
				en,
				Base,
			);
			mainGroup = DC4C120D2015E4B70057A499;
			productRefGroup = DC4C12172015E4B70057A499 /* Products */;
			projectDirPath = "";
			projectRoot = "";
			targets = (
				DC4C12152015E4B70057A499 /* MyTextField */,
			);
		};
/* End PBXProject section */

/* Begin PBXResourcesBuildPhase section */
		DC4C12142015E4B70057A499 /* Resources */ = {
			isa = PBXResourcesBuildPhase;
			buildActionMask = 2147483647;
			files = (
				DC4C12242015E4B70057A499 /* LaunchScreen.storyboard in Resources */,
				DC4C12212015E4B70057A499 /* Assets.xcassets in Resources */,
				DC4C121F2015E4B70057A499 /* Main.storyboard in Resources */,
			);
			runOnlyForDeploymentPostprocessing = 0;
		};
/* End PBXResourcesBuildPhase section */

/* Begin PBXShellScriptBuildPhase section */
		10A0CB6EBC1B66F5E9B42B7F /* [CP] Check Pods Manifest.lock */ = {
			isa = PBXShellScriptBuildPhase;
			buildActionMask = 2147483647;
			files = (
			);
			inputPaths = (
				"${PODS_PODFILE_DIR_PATH}/Podfile.lock",
				"${PODS_ROOT}/Manifest.lock",
			);
			name = "[CP] Check Pods Manifest.lock";
			outputPaths = (
				"$(DERIVED_FILE_DIR)/Pods-MyTextField-checkManifestLockResult.txt",
			);
			runOnlyForDeploymentPostprocessing = 0;
			shellPath = /bin/sh;
			shellScript = "diff \"${PODS_PODFILE_DIR_PATH}/Podfile.lock\" \"${PODS_ROOT}/Manifest.lock\" > /dev/null\nif [ $? != 0 ] ; then\n    # print error to STDERR\n    echo \"error: The sandbox is not in sync with the Podfile.lock. Run 'pod install' or update your CocoaPods installation.\" >&2\n    exit 1\nfi\n# This output is used by Xcode 'outputs' to avoid re-running this script phase.\necho \"SUCCESS\" > \"${SCRIPT_OUTPUT_FILE_0}\"\n";
			showEnvVarsInLog = 0;
		};
		8888952EEB4990615CCCB3D7 /* [CP] Copy Pods Resources */ = {
			isa = PBXShellScriptBuildPhase;
			buildActionMask = 2147483647;
			files = (
			);
			inputPaths = (
			);
			name = "[CP] Copy Pods Resources";
			outputPaths = (
			);
			runOnlyForDeploymentPostprocessing = 0;
			shellPath = /bin/sh;
			shellScript = "\"${SRCROOT}/Pods/Target Support Files/Pods-MyTextField/Pods-MyTextField-resources.sh\"\n";
			showEnvVarsInLog = 0;
		};
		C6C81BC00A3E8A8C85D71370 /* [CP] Embed Pods Frameworks */ = {
			isa = PBXShellScriptBuildPhase;
			buildActionMask = 2147483647;
			files = (
			);
			inputPaths = (
				"${SRCROOT}/Pods/Target Support Files/Pods-MyTextField/Pods-MyTextField-frameworks.sh",
				"${BUILT_PRODUCTS_DIR}/Alamofire/Alamofire.framework",
				"${BUILT_PRODUCTS_DIR}/RxCocoa/RxCocoa.framework",
				"${BUILT_PRODUCTS_DIR}/RxSwift/RxSwift.framework",
			);
			name = "[CP] Embed Pods Frameworks";
			outputPaths = (
				"${TARGET_BUILD_DIR}/${FRAMEWORKS_FOLDER_PATH}/Alamofire.framework",
				"${TARGET_BUILD_DIR}/${FRAMEWORKS_FOLDER_PATH}/RxCocoa.framework",
				"${TARGET_BUILD_DIR}/${FRAMEWORKS_FOLDER_PATH}/RxSwift.framework",
			);
			runOnlyForDeploymentPostprocessing = 0;
			shellPath = /bin/sh;
			shellScript = "\"${SRCROOT}/Pods/Target Support Files/Pods-MyTextField/Pods-MyTextField-frameworks.sh\"\n";
			showEnvVarsInLog = 0;
		};
/* End PBXShellScriptBuildPhase section */

/* Begin PBXSourcesBuildPhase section */
		DC4C12122015E4B70057A499 /* Sources */ = {
			isa = PBXSourcesBuildPhase;
			buildActionMask = 2147483647;
			files = (
				DCADA95E202078F200B5DCCB /* ChartsModel.swift in Sources */,
				DC0D44E0205A48BE00ABB583 /* HigherOrderFunction.swift in Sources */,
				DC35423A2058EDDD0015F78D /* RXBaseViewController.swift in Sources */,
				DCADA960202078F200B5DCCB /* ChartsViewController.swift in Sources */,
				DC4C121C2015E4B70057A499 /* ViewController.swift in Sources */,
				DCADA3E02056239F00A64D5A /* Utils.swift in Sources */,
				DC42F3AB205BA19C0076004F /* Codable.swift in Sources */,
				EC46161A2074796B00BF213F /* MutableAttributedStringProtocol.swift in Sources */,
				DCFDF17A205B61B800536621 /* HFAlamofire.swift in Sources */,
				DC487DE6206BEAC3000E81BD /* hanshushi.swift in Sources */,
				DC4C121A2015E4B70057A499 /* AppDelegate.swift in Sources */,
				DCADA95F202078F200B5DCCB /* ChartsView.swift in Sources */,
				DCADA3DE205622FC00A64D5A /* Test.swift in Sources */,
				DC447AE72067EC7500E27AE4 /* Protocol.swift in Sources */,
			);
			runOnlyForDeploymentPostprocessing = 0;
		};
/* End PBXSourcesBuildPhase section */

/* Begin PBXVariantGroup section */
		DC4C121D2015E4B70057A499 /* Main.storyboard */ = {
			isa = PBXVariantGroup;
			children = (
				DC4C121E2015E4B70057A499 /* Base */,
			);
			name = Main.storyboard;
			sourceTree = "<group>";
		};
		DC4C12222015E4B70057A499 /* LaunchScreen.storyboard */ = {
			isa = PBXVariantGroup;
			children = (
				DC4C12232015E4B70057A499 /* Base */,
			);
			name = LaunchScreen.storyboard;
			sourceTree = "<group>";
		};
/* End PBXVariantGroup section */

/* Begin XCBuildConfiguration section */
		DC4C12262015E4B70057A499 /* Debug */ = {
			isa = XCBuildConfiguration;
			buildSettings = {
				ALWAYS_SEARCH_USER_PATHS = NO;
				CLANG_ANALYZER_NONNULL = YES;
				CLANG_ANALYZER_NUMBER_OBJECT_CONVERSION = YES_AGGRESSIVE;
				CLANG_CXX_LANGUAGE_STANDARD = "gnu++14";
				CLANG_CXX_LIBRARY = "libc++";
				CLANG_ENABLE_MODULES = YES;
				CLANG_ENABLE_OBJC_ARC = YES;
				CLANG_WARN_BLOCK_CAPTURE_AUTORELEASING = YES;
				CLANG_WARN_BOOL_CONVERSION = YES;
				CLANG_WARN_COMMA = YES;
				CLANG_WARN_CONSTANT_CONVERSION = YES;
				CLANG_WARN_DIRECT_OBJC_ISA_USAGE = YES_ERROR;
				CLANG_WARN_DOCUMENTATION_COMMENTS = YES;
				CLANG_WARN_EMPTY_BODY = YES;
				CLANG_WARN_ENUM_CONVERSION = YES;
				CLANG_WARN_INFINITE_RECURSION = YES;
				CLANG_WARN_INT_CONVERSION = YES;
				CLANG_WARN_NON_LITERAL_NULL_CONVERSION = YES;
				CLANG_WARN_OBJC_LITERAL_CONVERSION = YES;
				CLANG_WARN_OBJC_ROOT_CLASS = YES_ERROR;
				CLANG_WARN_RANGE_LOOP_ANALYSIS = YES;
				CLANG_WARN_STRICT_PROTOTYPES = YES;
				CLANG_WARN_SUSPICIOUS_MOVE = YES;
				CLANG_WARN_UNGUARDED_AVAILABILITY = YES_AGGRESSIVE;
				CLANG_WARN_UNREACHABLE_CODE = YES;
				CLANG_WARN__DUPLICATE_METHOD_MATCH = YES;
				CODE_SIGN_IDENTITY = "iPhone Developer";
				COPY_PHASE_STRIP = NO;
				DEBUG_INFORMATION_FORMAT = dwarf;
				ENABLE_STRICT_OBJC_MSGSEND = YES;
				ENABLE_TESTABILITY = YES;
				GCC_C_LANGUAGE_STANDARD = gnu11;
				GCC_DYNAMIC_NO_PIC = NO;
				GCC_NO_COMMON_BLOCKS = YES;
				GCC_OPTIMIZATION_LEVEL = 0;
				GCC_PREPROCESSOR_DEFINITIONS = (
					"DEBUG=1",
					"$(inherited)",
				);
				GCC_WARN_64_TO_32_BIT_CONVERSION = YES;
				GCC_WARN_ABOUT_RETURN_TYPE = YES_ERROR;
				GCC_WARN_UNDECLARED_SELECTOR = YES;
				GCC_WARN_UNINITIALIZED_AUTOS = YES_AGGRESSIVE;
				GCC_WARN_UNUSED_FUNCTION = YES;
				GCC_WARN_UNUSED_VARIABLE = YES;
				IPHONEOS_DEPLOYMENT_TARGET = 8.0;
				MTL_ENABLE_DEBUG_INFO = YES;
				ONLY_ACTIVE_ARCH = YES;
				SDKROOT = iphoneos;
				SWIFT_ACTIVE_COMPILATION_CONDITIONS = DEBUG;
				SWIFT_OPTIMIZATION_LEVEL = "-Onone";
			};
			name = Debug;
		};
		DC4C12272015E4B70057A499 /* Release */ = {
			isa = XCBuildConfiguration;
			buildSettings = {
				ALWAYS_SEARCH_USER_PATHS = NO;
				CLANG_ANALYZER_NONNULL = YES;
				CLANG_ANALYZER_NUMBER_OBJECT_CONVERSION = YES_AGGRESSIVE;
				CLANG_CXX_LANGUAGE_STANDARD = "gnu++14";
				CLANG_CXX_LIBRARY = "libc++";
				CLANG_ENABLE_MODULES = YES;
				CLANG_ENABLE_OBJC_ARC = YES;
				CLANG_WARN_BLOCK_CAPTURE_AUTORELEASING = YES;
				CLANG_WARN_BOOL_CONVERSION = YES;
				CLANG_WARN_COMMA = YES;
				CLANG_WARN_CONSTANT_CONVERSION = YES;
				CLANG_WARN_DIRECT_OBJC_ISA_USAGE = YES_ERROR;
				CLANG_WARN_DOCUMENTATION_COMMENTS = YES;
				CLANG_WARN_EMPTY_BODY = YES;
				CLANG_WARN_ENUM_CONVERSION = YES;
				CLANG_WARN_INFINITE_RECURSION = YES;
				CLANG_WARN_INT_CONVERSION = YES;
				CLANG_WARN_NON_LITERAL_NULL_CONVERSION = YES;
				CLANG_WARN_OBJC_LITERAL_CONVERSION = YES;
				CLANG_WARN_OBJC_ROOT_CLASS = YES_ERROR;
				CLANG_WARN_RANGE_LOOP_ANALYSIS = YES;
				CLANG_WARN_STRICT_PROTOTYPES = YES;
				CLANG_WARN_SUSPICIOUS_MOVE = YES;
				CLANG_WARN_UNGUARDED_AVAILABILITY = YES_AGGRESSIVE;
				CLANG_WARN_UNREACHABLE_CODE = YES;
				CLANG_WARN__DUPLICATE_METHOD_MATCH = YES;
				CODE_SIGN_IDENTITY = "iPhone Developer";
				COPY_PHASE_STRIP = NO;
				DEBUG_INFORMATION_FORMAT = "dwarf-with-dsym";
				ENABLE_NS_ASSERTIONS = NO;
				ENABLE_STRICT_OBJC_MSGSEND = YES;
				GCC_C_LANGUAGE_STANDARD = gnu11;
				GCC_NO_COMMON_BLOCKS = YES;
				GCC_WARN_64_TO_32_BIT_CONVERSION = YES;
				GCC_WARN_ABOUT_RETURN_TYPE = YES_ERROR;
				GCC_WARN_UNDECLARED_SELECTOR = YES;
				GCC_WARN_UNINITIALIZED_AUTOS = YES_AGGRESSIVE;
				GCC_WARN_UNUSED_FUNCTION = YES;
				GCC_WARN_UNUSED_VARIABLE = YES;
				IPHONEOS_DEPLOYMENT_TARGET = 8.0;
				MTL_ENABLE_DEBUG_INFO = NO;
				SDKROOT = iphoneos;
				SWIFT_OPTIMIZATION_LEVEL = "-Owholemodule";
				VALIDATE_PRODUCT = YES;
			};
			name = Release;
		};
		DC4C12292015E4B70057A499 /* Debug */ = {
			isa = XCBuildConfiguration;
			baseConfigurationReference = D2257E5BE6E3E6D36C040326 /* Pods-MyTextField.debug.xcconfig */;
			buildSettings = {
				ASSETCATALOG_COMPILER_APPICON_NAME = AppIcon;
				"CODE_SIGN_IDENTITY[sdk=iphoneos*]" = "iPhone Developer";
				CODE_SIGN_STYLE = Automatic;
				DEVELOPMENT_TEAM = 36LDEQHC2A;
				INFOPLIST_FILE = MyTextField/Info.plist;
				LD_RUNPATH_SEARCH_PATHS = "$(inherited) @executable_path/Frameworks";
				PRODUCT_BUNDLE_IDENTIFIER = "WHF.----";
				PRODUCT_NAME = "$(TARGET_NAME)";
				PROVISIONING_PROFILE_SPECIFIER = "";
				SWIFT_VERSION = 3.0;
				TARGETED_DEVICE_FAMILY = "1,2";
			};
			name = Debug;
		};
		DC4C122A2015E4B70057A499 /* Release */ = {
			isa = XCBuildConfiguration;
			baseConfigurationReference = 5CBE177C317AE2786843C054 /* Pods-MyTextField.release.xcconfig */;
			buildSettings = {
				ASSETCATALOG_COMPILER_APPICON_NAME = AppIcon;
				"CODE_SIGN_IDENTITY[sdk=iphoneos*]" = "iPhone Developer";
				CODE_SIGN_STYLE = Automatic;
				DEVELOPMENT_TEAM = 36LDEQHC2A;
				INFOPLIST_FILE = MyTextField/Info.plist;
				LD_RUNPATH_SEARCH_PATHS = "$(inherited) @executable_path/Frameworks";
				PRODUCT_BUNDLE_IDENTIFIER = "WHF.----";
				PRODUCT_NAME = "$(TARGET_NAME)";
				PROVISIONING_PROFILE_SPECIFIER = "";
				SWIFT_VERSION = 3.0;
				TARGETED_DEVICE_FAMILY = "1,2";
			};
			name = Release;
		};
/* End XCBuildConfiguration section */

/* Begin XCConfigurationList section */
		DC4C12112015E4B70057A499 /* Build configuration list for PBXProject "MyTextField" */ = {
			isa = XCConfigurationList;
			buildConfigurations = (
				DC4C12262015E4B70057A499 /* Debug */,
				DC4C12272015E4B70057A499 /* Release */,
			);
			defaultConfigurationIsVisible = 0;
			defaultConfigurationName = Release;
		};
		DC4C12282015E4B70057A499 /* Build configuration list for PBXNativeTarget "MyTextField" */ = {
			isa = XCConfigurationList;
			buildConfigurations = (
				DC4C12292015E4B70057A499 /* Debug */,
				DC4C122A2015E4B70057A499 /* Release */,
			);
			defaultConfigurationIsVisible = 0;
			defaultConfigurationName = Release;
		};
/* End XCConfigurationList section */
	};
	rootObject = DC4C120E2015E4B70057A499 /* Project object */;
}
