// !$*UTF8*$!
{
	archiveVersion = 1;
	classes = {
	};
	objectVersion = 48;
	objects = {

/* Begin PBXBuildFile section */
		DC4C121A2015E4B70057A499 /* AppDelegate.swift in Sources */ = {isa = PBXBuildFile; fileRef = DC4C12192015E4B70057A499 /* AppDelegate.swift */; };
		DC4C121C2015E4B70057A499 /* ViewController.swift in Sources */ = {isa = PBXBuildFile; fileRef = DC4C121B2015E4B70057A499 /* ViewController.swift */; };
		DC4C121F2015E4B70057A499 /* Main.storyboard in Resources */ = {isa = PBXBuildFile; fileRef = DC4C121D2015E4B70057A499 /* Main.storyboard */; };
		DC4C12212015E4B70057A499 /* Assets.xcassets in Resources */ = {isa = PBXBuildFile; fileRef = DC4C12202015E4B70057A499 /* Assets.xcassets */; };
		DC4C12242015E4B70057A499 /* LaunchScreen.storyboard in Resources */ = {isa = PBXBuildFile; fileRef = DC4C12222015E4B70057A499 /* LaunchScreen.storyboard */; };
		DCD25262201711E500B33614 /* test.swift in Sources */ = {isa = PBXBuildFile; fileRef = DCD25261201711E500B33614 /* test.swift */; };
		DCD25264201714E800B33614 /* textfield1.swift in Sources */ = {isa = PBXBuildFile; fileRef = DCD25263201714E800B33614 /* textfield1.swift */; };
/* End PBXBuildFile section */

/* Begin PBXFileReference section */
		DC4C12162015E4B70057A499 /* MyTextField.app */ = {isa = PBXFileReference; explicitFileType = wrapper.application; includeInIndex = 0; path = MyTextField.app; sourceTree = BUILT_PRODUCTS_DIR; };
		DC4C12192015E4B70057A499 /* AppDelegate.swift */ = {isa = PBXFileReference; lastKnownFileType = sourcecode.swift; path = AppDelegate.swift; sourceTree = "<group>"; };
		DC4C121B2015E4B70057A499 /* ViewController.swift */ = {isa = PBXFileReference; lastKnownFileType = sourcecode.swift; path = ViewController.swift; sourceTree = "<group>"; };
		DC4C121E2015E4B70057A499 /* Base */ = {isa = PBXFileReference; lastKnownFileType = file.storyboard; name = Base; path = Base.lproj/Main.storyboard; sourceTree = "<group>"; };
		DC4C12202015E4B70057A499 /* Assets.xcassets */ = {isa = PBXFileReference; lastKnownFileType = folder.assetcatalog; path = Assets.xcassets; sourceTree = "<group>"; };
		DC4C12232015E4B70057A499 /* Base */ = {isa = PBXFileReference; lastKnownFileType = file.storyboard; name = Base; path = Base.lproj/LaunchScreen.storyboard; sourceTree = "<group>"; };
		DC4C12252015E4B70057A499 /* Info.plist */ = {isa = PBXFileReference; lastKnownFileType = text.plist.xml; path = Info.plist; sourceTree = "<group>"; };
		DCD25261201711E500B33614 /* test.swift */ = {isa = PBXFileReference; lastKnownFileType = sourcecode.swift; path = test.swift; sourceTree = "<group>"; };
		DCD25263201714E800B33614 /* textfield1.swift */ = {isa = PBXFileReference; lastKnownFileType = sourcecode.swift; path = textfield1.swift; sourceTree = "<group>"; };
/* End PBXFileReference section */

/* Begin PBXFrameworksBuildPhase section */
		DC4C12132015E4B70057A499 /* Frameworks */ = {
			isa = PBXFrameworksBuildPhase;
			buildActionMask = 2147483647;
			files = (
			);
			runOnlyForDeploymentPostprocessing = 0;
		};
/* End PBXFrameworksBuildPhase section */

/* Begin PBXGroup section */
		DC4C120D2015E4B70057A499 = {
			isa = PBXGroup;
			children = (
				DC4C12182015E4B70057A499 /* MyTextField */,
				DC4C12172015E4B70057A499 /* Products */,
			);
			sourceTree = "<group>";
		};
		DC4C12172015E4B70057A499 /* Products */ = {
			isa = PBXGroup;
			children = (
				DC4C12162015E4B70057A499 /* MyTextField.app */,
			);
			name = Products;
			sourceTree = "<group>";
		};
		DC4C12182015E4B70057A499 /* MyTextField */ = {
			isa = PBXGroup;
			children = (
				DC4C12192015E4B70057A499 /* AppDelegate.swift */,
				DC4C121B2015E4B70057A499 /* ViewController.swift */,
				DCD25261201711E500B33614 /* test.swift */,
				DCD25263201714E800B33614 /* textfield1.swift */,
				DC4C121D2015E4B70057A499 /* Main.storyboard */,
				DC4C12202015E4B70057A499 /* Assets.xcassets */,
				DC4C12222015E4B70057A499 /* LaunchScreen.storyboard */,
				DC4C12252015E4B70057A499 /* Info.plist */,
			);
			path = MyTextField;
			sourceTree = "<group>";
		};
/* End PBXGroup section */

/* Begin PBXNativeTarget section */
		DC4C12152015E4B70057A499 /* MyTextField */ = {
			isa = PBXNativeTarget;
			buildConfigurationList = DC4C12282015E4B70057A499 /* Build configuration list for PBXNativeTarget "MyTextField" */;
			buildPhases = (
				DC4C12122015E4B70057A499 /* Sources */,
				DC4C12132015E4B70057A499 /* Frameworks */,
				DC4C12142015E4B70057A499 /* Resources */,
			);
			buildRules = (
			);
			dependencies = (
			);
			name = MyTextField;
			productName = MyTextField;
			productReference = DC4C12162015E4B70057A499 /* MyTextField.app */;
			productType = "com.apple.product-type.application";
		};
/* End PBXNativeTarget section */

/* Begin PBXProject section */
		DC4C120E2015E4B70057A499 /* Project object */ = {
			isa = PBXProject;
			attributes = {
				LastSwiftUpdateCheck = 0910;
				LastUpgradeCheck = 0910;
				ORGANIZATIONNAME = huafeng;
				TargetAttributes = {
					DC4C12152015E4B70057A499 = {
						CreatedOnToolsVersion = 9.1;
						ProvisioningStyle = Automatic;
					};
				};
			};
			buildConfigurationList = DC4C12112015E4B70057A499 /* Build configuration list for PBXProject "MyTextField" */;
			compatibilityVersion = "Xcode 8.0";
			developmentRegion = en;
			hasScannedForEncodings = 0;
			knownRegions = (
				en,
				Base,
			);
			mainGroup = DC4C120D2015E4B70057A499;
			productRefGroup = DC4C12172015E4B70057A499 /* Products */;
			projectDirPath = "";
			projectRoot = "";
			targets = (
				DC4C12152015E4B70057A499 /* MyTextField */,
			);
		};
/* End PBXProject section */

/* Begin PBXResourcesBuildPhase section */
		DC4C12142015E4B70057A499 /* Resources */ = {
			isa = PBXResourcesBuildPhase;
			buildActionMask = 2147483647;
			files = (
				DC4C12242015E4B70057A499 /* LaunchScreen.storyboard in Resources */,
				DC4C12212015E4B70057A499 /* Assets.xcassets in Resources */,
				DC4C121F2015E4B70057A499 /* Main.storyboard in Resources */,
			);
			runOnlyForDeploymentPostprocessing = 0;
		};
/* End PBXResourcesBuildPhase section */

/* Begin PBXSourcesBuildPhase section */
		DC4C12122015E4B70057A499 /* Sources */ = {
			isa = PBXSourcesBuildPhase;
			buildActionMask = 2147483647;
			files = (
				DC4C121C2015E4B70057A499 /* ViewController.swift in Sources */,
				DCD25264201714E800B33614 /* textfield1.swift in Sources */,
				DCD25262201711E500B33614 /* test.swift in Sources */,
				DC4C121A2015E4B70057A499 /* AppDelegate.swift in Sources */,
			);
			runOnlyForDeploymentPostprocessing = 0;
		};
/* End PBXSourcesBuildPhase section */

/* Begin PBXVariantGroup section */
		DC4C121D2015E4B70057A499 /* Main.storyboard */ = {
			isa = PBXVariantGroup;
			children = (
				DC4C121E2015E4B70057A499 /* Base */,
			);
			name = Main.storyboard;
			sourceTree = "<group>";
		};
		DC4C12222015E4B70057A499 /* LaunchScreen.storyboard */ = {
			isa = PBXVariantGroup;
			children = (
				DC4C12232015E4B70057A499 /* Base */,
			);
			name = LaunchScreen.storyboard;
			sourceTree = "<group>";
		};
/* End PBXVariantGroup section */

/* Begin XCBuildConfiguration section */
		DC4C12262015E4B70057A499 /* Debug */ = {
			isa = XCBuildConfiguration;
			buildSettings = {
				ALWAYS_SEARCH_USER_PATHS = NO;
				CLANG_ANALYZER_NONNULL = YES;
				CLANG_ANALYZER_NUMBER_OBJECT_CONVERSION = YES_AGGRESSIVE;
				CLANG_CXX_LANGUAGE_STANDARD = "gnu++14";
				CLANG_CXX_LIBRARY = "libc++";
				CLANG_ENABLE_MODULES = YES;
				CLANG_ENABLE_OBJC_ARC = YES;
				CLANG_WARN_BLOCK_CAPTURE_AUTORELEASING = YES;
				CLANG_WARN_BOOL_CONVERSION = YES;
				CLANG_WARN_COMMA = YES;
				CLANG_WARN_CONSTANT_CONVERSION = YES;
				CLANG_WARN_DIRECT_OBJC_ISA_USAGE = YES_ERROR;
				CLANG_WARN_DOCUMENTATION_COMMENTS = YES;
				CLANG_WARN_EMPTY_BODY = YES;
				CLANG_WARN_ENUM_CONVERSION = YES;
				CLANG_WARN_INFINITE_RECURSION = YES;
				CLANG_WARN_INT_CONVERSION = YES;
				CLANG_WARN_NON_LITERAL_NULL_CONVERSION = YES;
				CLANG_WARN_OBJC_LITERAL_CONVERSION = YES;
				CLANG_WARN_OBJC_ROOT_CLASS = YES_ERROR;
				CLANG_WARN_RANGE_LOOP_ANALYSIS = YES;
				CLANG_WARN_STRICT_PROTOTYPES = YES;
				CLANG_WARN_SUSPICIOUS_MOVE = YES;
				CLANG_WARN_UNGUARDED_AVAILABILITY = YES_AGGRESSIVE;
				CLANG_WARN_UNREACHABLE_CODE = YES;
				CLANG_WARN__DUPLICATE_METHOD_MATCH = YES;
				CODE_SIGN_IDENTITY = "iPhone Developer";
				COPY_PHASE_STRIP = NO;
				DEBUG_INFORMATION_FORMAT = dwarf;
				ENABLE_STRICT_OBJC_MSGSEND = YES;
				ENABLE_TESTABILITY = YES;
				GCC_C_LANGUAGE_STANDARD = gnu11;
				GCC_DYNAMIC_NO_PIC = NO;
				GCC_NO_COMMON_BLOCKS = YES;
				GCC_OPTIMIZATION_LEVEL = 0;
				GCC_PREPROCESSOR_DEFINITIONS = (
					"DEBUG=1",
					"$(inherited)",
				);
				GCC_WARN_64_TO_32_BIT_CONVERSION = YES;
				GCC_WARN_ABOUT_RETURN_TYPE = YES_ERROR;
				GCC_WARN_UNDECLARED_SELECTOR = YES;
				GCC_WARN_UNINITIALIZED_AUTOS = YES_AGGRESSIVE;
				GCC_WARN_UNUSED_FUNCTION = YES;
				GCC_WARN_UNUSED_VARIABLE = YES;
				IPHONEOS_DEPLOYMENT_TARGET = 11.1;
				MTL_ENABLE_DEBUG_INFO = YES;
				ONLY_ACTIVE_ARCH = YES;
				SDKROOT = iphoneos;
				SWIFT_ACTIVE_COMPILATION_CONDITIONS = DEBUG;
				SWIFT_OPTIMIZATION_LEVEL = "-Onone";
			};
			name = Debug;
		};
		DC4C12272015E4B70057A499 /* Release */ = {
			isa = XCBuildConfiguration;
			buildSettings = {
				ALWAYS_SEARCH_USER_PATHS = NO;
				CLANG_ANALYZER_NONNULL = YES;
				CLANG_ANALYZER_NUMBER_OBJECT_CONVERSION = YES_AGGRESSIVE;
				CLANG_CXX_LANGUAGE_STANDARD = "gnu++14";
				CLANG_CXX_LIBRARY = "libc++";
				CLANG_ENABLE_MODULES = YES;
				CLANG_ENABLE_OBJC_ARC = YES;
				CLANG_WARN_BLOCK_CAPTURE_AUTORELEASING = YES;
				CLANG_WARN_BOOL_CONVERSION = YES;
				CLANG_WARN_COMMA = YES;
				CLANG_WARN_CONSTANT_CONVERSION = YES;
				CLANG_WARN_DIRECT_OBJC_ISA_USAGE = YES_ERROR;
				CLANG_WARN_DOCUMENTATION_COMMENTS = YES;
				CLANG_WARN_EMPTY_BODY = YES;
				CLANG_WARN_ENUM_CONVERSION = YES;
				CLANG_WARN_INFINITE_RECURSION = YES;
				CLANG_WARN_INT_CONVERSION = YES;
				CLANG_WARN_NON_LITERAL_NULL_CONVERSION = YES;
				CLANG_WARN_OBJC_LITERAL_CONVERSION = YES;
				CLANG_WARN_OBJC_ROOT_CLASS = YES_ERROR;
				CLANG_WARN_RANGE_LOOP_ANALYSIS = YES;
				CLANG_WARN_STRICT_PROTOTYPES = YES;
				CLANG_WARN_SUSPICIOUS_MOVE = YES;
				CLANG_WARN_UNGUARDED_AVAILABILITY = YES_AGGRESSIVE;
				CLANG_WARN_UNREACHABLE_CODE = YES;
				CLANG_WARN__DUPLICATE_METHOD_MATCH = YES;
				CODE_SIGN_IDENTITY = "iPhone Developer";
				COPY_PHASE_STRIP = NO;
				DEBUG_INFORMATION_FORMAT = "dwarf-with-dsym";
				ENABLE_NS_ASSERTIONS = NO;
				ENABLE_STRICT_OBJC_MSGSEND = YES;
				GCC_C_LANGUAGE_STANDARD = gnu11;
				GCC_NO_COMMON_BLOCKS = YES;
				GCC_WARN_64_TO_32_BIT_CONVERSION = YES;
				GCC_WARN_ABOUT_RETURN_TYPE = YES_ERROR;
				GCC_WARN_UNDECLARED_SELECTOR = YES;
				GCC_WARN_UNINITIALIZED_AUTOS = YES_AGGRESSIVE;
				GCC_WARN_UNUSED_FUNCTION = YES;
				GCC_WARN_UNUSED_VARIABLE = YES;
				IPHONEOS_DEPLOYMENT_TARGET = 11.1;
				MTL_ENABLE_DEBUG_INFO = NO;
				SDKROOT = iphoneos;
				SWIFT_OPTIMIZATION_LEVEL = "-Owholemodule";
				VALIDATE_PRODUCT = YES;
			};
			name = Release;
		};
		DC4C12292015E4B70057A499 /* Debug */ = {
			isa = XCBuildConfiguration;
			buildSettings = {
				ASSETCATALOG_COMPILER_APPICON_NAME = AppIcon;
				CODE_SIGN_STYLE = Automatic;
				DEVELOPMENT_TEAM = 36LDEQHC2A;
				INFOPLIST_FILE = MyTextField/Info.plist;
				LD_RUNPATH_SEARCH_PATHS = "$(inherited) @executable_path/Frameworks";
				PRODUCT_BUNDLE_IDENTIFIER = "WHF.----";
				PRODUCT_NAME = "$(TARGET_NAME)";
				SWIFT_VERSION = 4.0;
				TARGETED_DEVICE_FAMILY = "1,2";
			};
			name = Debug;
		};
		DC4C122A2015E4B70057A499 /* Release */ = {
			isa = XCBuildConfiguration;
			buildSettings = {
				ASSETCATALOG_COMPILER_APPICON_NAME = AppIcon;
				CODE_SIGN_STYLE = Automatic;
				DEVELOPMENT_TEAM = 36LDEQHC2A;
				INFOPLIST_FILE = MyTextField/Info.plist;
				LD_RUNPATH_SEARCH_PATHS = "$(inherited) @executable_path/Frameworks";
				PRODUCT_BUNDLE_IDENTIFIER = "WHF.----";
				PRODUCT_NAME = "$(TARGET_NAME)";
				SWIFT_VERSION = 4.0;
				TARGETED_DEVICE_FAMILY = "1,2";
			};
			name = Release;
		};
/* End XCBuildConfiguration section */

/* Begin XCConfigurationList section */
		DC4C12112015E4B70057A499 /* Build configuration list for PBXProject "MyTextField" */ = {
			isa = XCConfigurationList;
			buildConfigurations = (
				DC4C12262015E4B70057A499 /* Debug */,
				DC4C12272015E4B70057A499 /* Release */,
			);
			defaultConfigurationIsVisible = 0;
			defaultConfigurationName = Release;
		};
		DC4C12282015E4B70057A499 /* Build configuration list for PBXNativeTarget "MyTextField" */ = {
			isa = XCConfigurationList;
			buildConfigurations = (
				DC4C12292015E4B70057A499 /* Debug */,
				DC4C122A2015E4B70057A499 /* Release */,
			);
			defaultConfigurationIsVisible = 0;
			defaultConfigurationName = Release;
		};
/* End XCConfigurationList section */
	};
	rootObject = DC4C120E2015E4B70057A499 /* Project object */;
}
